// !$*UTF8*$!
{
	archiveVersion = 1;
	classes = {
	};
	objectVersion = 55;
	objects = {

/* Begin PBXBuildFile section */
		070AF437275C71B7007C0B9D /* InstructorCell.m in Sources */ = {isa = PBXBuildFile; fileRef = 070AF435275C71B7007C0B9D /* InstructorCell.m */; };
		070AF438275C71B7007C0B9D /* InstructorCell.xib in Resources */ = {isa = PBXBuildFile; fileRef = 070AF436275C71B7007C0B9D /* InstructorCell.xib */; };
		5202CA00275DC7F20028745D /* WaitlistedStudentCell.m in Sources */ = {isa = PBXBuildFile; fileRef = 5202C9FF275DC7F20028745D /* WaitlistedStudentCell.m */; };
		5202CA03275DCB2A0028745D /* InstructorWaitlistViewController.m in Sources */ = {isa = PBXBuildFile; fileRef = 5202CA02275DCB2A0028745D /* InstructorWaitlistViewController.m */; };
		5229105727583DFF00D97CC4 /* Course.m in Sources */ = {isa = PBXBuildFile; fileRef = 5229105627583DFF00D97CC4 /* Course.m */; };
		52432C7927629B450086EE2D /* CreateCourseViewController.m in Sources */ = {isa = PBXBuildFile; fileRef = 52432C7827629B450086EE2D /* CreateCourseViewController.m */; };
		52432C7C2762BE2B0086EE2D /* TabbarViewController.m in Sources */ = {isa = PBXBuildFile; fileRef = 52432C7B2762BE2B0086EE2D /* TabbarViewController.m */; };
		52434CB52729D3D7003C73AC /* AppDelegate.m in Sources */ = {isa = PBXBuildFile; fileRef = 52434CB42729D3D7003C73AC /* AppDelegate.m */; };
		52434CB82729D3D7003C73AC /* SceneDelegate.m in Sources */ = {isa = PBXBuildFile; fileRef = 52434CB72729D3D7003C73AC /* SceneDelegate.m */; };
		52434CBE2729D3D7003C73AC /* Main.storyboard in Resources */ = {isa = PBXBuildFile; fileRef = 52434CBC2729D3D7003C73AC /* Main.storyboard */; };
		52434CC02729D3DA003C73AC /* Assets.xcassets in Resources */ = {isa = PBXBuildFile; fileRef = 52434CBF2729D3DA003C73AC /* Assets.xcassets */; };
		52434CC32729D3DA003C73AC /* LaunchScreen.storyboard in Resources */ = {isa = PBXBuildFile; fileRef = 52434CC12729D3DA003C73AC /* LaunchScreen.storyboard */; };
		52434CC62729D3DA003C73AC /* main.m in Sources */ = {isa = PBXBuildFile; fileRef = 52434CC52729D3DA003C73AC /* main.m */; };
		52434CCF2729D540003C73AC /* LoginViewController.m in Sources */ = {isa = PBXBuildFile; fileRef = 52434CCE2729D540003C73AC /* LoginViewController.m */; };
		524A1E9A276070ED00429680 /* RegistrarStudentsViewController.m in Sources */ = {isa = PBXBuildFile; fileRef = 524A1E99276070ED00429680 /* RegistrarStudentsViewController.m */; };
		524A1E9D2761B80600429680 /* RegistrarInstructorsViewController.m in Sources */ = {isa = PBXBuildFile; fileRef = 524A1E9C2761B80600429680 /* RegistrarInstructorsViewController.m */; };
		524A1EA02761BEA800429680 /* InstructorApplicationCell.m in Sources */ = {isa = PBXBuildFile; fileRef = 524A1E9F2761BEA800429680 /* InstructorApplicationCell.m */; };
		524A1EA32761C2F100429680 /* RegistrarApplicationsViewController.m in Sources */ = {isa = PBXBuildFile; fileRef = 524A1EA22761C2F100429680 /* RegistrarApplicationsViewController.m */; };
		524A1EA62761C32300429680 /* StudentApplicationCell.m in Sources */ = {isa = PBXBuildFile; fileRef = 524A1EA52761C32300429680 /* StudentApplicationCell.m */; };
		524A1EA92761C51300429680 /* GraduationApplicationCell.m in Sources */ = {isa = PBXBuildFile; fileRef = 524A1EA82761C51300429680 /* GraduationApplicationCell.m */; };
		524A1EAC2761E5DA00429680 /* RegistrarStudentProfileViewController.m in Sources */ = {isa = PBXBuildFile; fileRef = 524A1EAB2761E5DA00429680 /* RegistrarStudentProfileViewController.m */; };
		524A1EAF2761F8D000429680 /* ReportReviewCell.m in Sources */ = {isa = PBXBuildFile; fileRef = 524A1EAE2761F8D000429680 /* ReportReviewCell.m */; };
		524A1EB2276204BA00429680 /* ReportReviewViewController.m in Sources */ = {isa = PBXBuildFile; fileRef = 524A1EB1276204BA00429680 /* ReportReviewViewController.m */; };
		524A1EB5276291ED00429680 /* RegistrarActionHubViewController.m in Sources */ = {isa = PBXBuildFile; fileRef = 524A1EB4276291EC00429680 /* RegistrarActionHubViewController.m */; };
		525BB1A227593FF10007E0E0 /* StudentCoursesViewController.m in Sources */ = {isa = PBXBuildFile; fileRef = 525BB1A127593FF10007E0E0 /* StudentCoursesViewController.m */; };
		525BB1A527594EF10007E0E0 /* StudentProfileViewController.m in Sources */ = {isa = PBXBuildFile; fileRef = 525BB1A427594EF10007E0E0 /* StudentProfileViewController.m */; };
		525BB1A8275B4DC90007E0E0 /* StudentEnrolledCoursesViewController.m in Sources */ = {isa = PBXBuildFile; fileRef = 525BB1A7275B4DC90007E0E0 /* StudentEnrolledCoursesViewController.m */; };
		525BB1AB275BFC490007E0E0 /* ClassCell.m in Sources */ = {isa = PBXBuildFile; fileRef = 525BB1AA275BFC490007E0E0 /* ClassCell.m */; };
		525BB1AE275BFF070007E0E0 /* StudentPreviousClassesViewController.m in Sources */ = {isa = PBXBuildFile; fileRef = 525BB1AD275BFF070007E0E0 /* StudentPreviousClassesViewController.m */; };
		52633A84275D453A00FD29BE /* InstructorProfileViewController.m in Sources */ = {isa = PBXBuildFile; fileRef = 52633A83275D453A00FD29BE /* InstructorProfileViewController.m */; };
		52633A87275D4A0300FD29BE /* InstructorCoursesViewController.m in Sources */ = {isa = PBXBuildFile; fileRef = 52633A86275D4A0300FD29BE /* InstructorCoursesViewController.m */; };
		52633A8A275D570100FD29BE /* InstructorCourseStudentsViewController.m in Sources */ = {isa = PBXBuildFile; fileRef = 52633A89275D570100FD29BE /* InstructorCourseStudentsViewController.m */; };
		5263528C275DD38500DC76C3 /* ReportViewController.m in Sources */ = {isa = PBXBuildFile; fileRef = 5263528B275DD38500DC76C3 /* ReportViewController.m */; };
		52AFE49F2748B7CA00573F90 /* CourseCell.m in Sources */ = {isa = PBXBuildFile; fileRef = 52AFE49D2748B7CA00573F90 /* CourseCell.m */; };
		52AFE4A02748B7CA00573F90 /* CourseCell.xib in Resources */ = {isa = PBXBuildFile; fileRef = 52AFE49E2748B7CA00573F90 /* CourseCell.xib */; };
		52E15C082755E711008B9D5A /* APIManager.m in Sources */ = {isa = PBXBuildFile; fileRef = 52E15C072755E711008B9D5A /* APIManager.m */; };
		52E1F7072749D5FE0058AE44 /* Student.m in Sources */ = {isa = PBXBuildFile; fileRef = 52E1F7062749D5FE0058AE44 /* Student.m */; };
		52E1F70B2749D8FA0058AE44 /* Instructor.m in Sources */ = {isa = PBXBuildFile; fileRef = 52E1F70A2749D8FA0058AE44 /* Instructor.m */; };
		52E817552748D3360091BBC2 /* VisitorCoursesViewController.m in Sources */ = {isa = PBXBuildFile; fileRef = 52E817542748D3360091BBC2 /* VisitorCoursesViewController.m */; };
		52E817582749BA380091BBC2 /* User.m in Sources */ = {isa = PBXBuildFile; fileRef = 52E817572749BA380091BBC2 /* User.m */; };
		52E8175F2749C10A0091BBC2 /* StudentCell.m in Sources */ = {isa = PBXBuildFile; fileRef = 52E8175D2749C10A0091BBC2 /* StudentCell.m */; };
		52E817602749C10A0091BBC2 /* StudentCell.xib in Resources */ = {isa = PBXBuildFile; fileRef = 52E8175E2749C10A0091BBC2 /* StudentCell.xib */; };
		52E817632749C5330091BBC2 /* VisitorStudentsViewController.m in Sources */ = {isa = PBXBuildFile; fileRef = 52E817622749C5330091BBC2 /* VisitorStudentsViewController.m */; };
		52F2C0242757182000072AED /* ApplyAsStudentViewController.m in Sources */ = {isa = PBXBuildFile; fileRef = 52F2C0232757182000072AED /* ApplyAsStudentViewController.m */; };
		52F2C0272757185900072AED /* ApplyAsInstructorViewController.m in Sources */ = {isa = PBXBuildFile; fileRef = 52F2C0262757185900072AED /* ApplyAsInstructorViewController.m */; };
/* End PBXBuildFile section */

/* Begin PBXFileReference section */
		070AF434275C71B7007C0B9D /* InstructorCell.h */ = {isa = PBXFileReference; lastKnownFileType = sourcecode.c.h; path = InstructorCell.h; sourceTree = "<group>"; };
		070AF435275C71B7007C0B9D /* InstructorCell.m */ = {isa = PBXFileReference; lastKnownFileType = sourcecode.c.objc; path = InstructorCell.m; sourceTree = "<group>"; };
		070AF436275C71B7007C0B9D /* InstructorCell.xib */ = {isa = PBXFileReference; lastKnownFileType = file.xib; path = InstructorCell.xib; sourceTree = "<group>"; };
		5202C9FE275DC7F20028745D /* WaitlistedStudentCell.h */ = {isa = PBXFileReference; lastKnownFileType = sourcecode.c.h; path = WaitlistedStudentCell.h; sourceTree = "<group>"; };
		5202C9FF275DC7F20028745D /* WaitlistedStudentCell.m */ = {isa = PBXFileReference; lastKnownFileType = sourcecode.c.objc; path = WaitlistedStudentCell.m; sourceTree = "<group>"; };
		5202CA01275DCB2A0028745D /* InstructorWaitlistViewController.h */ = {isa = PBXFileReference; lastKnownFileType = sourcecode.c.h; path = InstructorWaitlistViewController.h; sourceTree = "<group>"; };
		5202CA02275DCB2A0028745D /* InstructorWaitlistViewController.m */ = {isa = PBXFileReference; lastKnownFileType = sourcecode.c.objc; path = InstructorWaitlistViewController.m; sourceTree = "<group>"; };
		5229105527583DFF00D97CC4 /* Course.h */ = {isa = PBXFileReference; lastKnownFileType = sourcecode.c.h; path = Course.h; sourceTree = "<group>"; };
		5229105627583DFF00D97CC4 /* Course.m */ = {isa = PBXFileReference; lastKnownFileType = sourcecode.c.objc; path = Course.m; sourceTree = "<group>"; };
		52432C7727629B450086EE2D /* CreateCourseViewController.h */ = {isa = PBXFileReference; lastKnownFileType = sourcecode.c.h; path = CreateCourseViewController.h; sourceTree = "<group>"; };
		52432C7827629B450086EE2D /* CreateCourseViewController.m */ = {isa = PBXFileReference; lastKnownFileType = sourcecode.c.objc; path = CreateCourseViewController.m; sourceTree = "<group>"; };
		52432C7A2762BE2B0086EE2D /* TabbarViewController.h */ = {isa = PBXFileReference; lastKnownFileType = sourcecode.c.h; path = TabbarViewController.h; sourceTree = "<group>"; };
		52432C7B2762BE2B0086EE2D /* TabbarViewController.m */ = {isa = PBXFileReference; lastKnownFileType = sourcecode.c.objc; path = TabbarViewController.m; sourceTree = "<group>"; };
		52434CB02729D3D7003C73AC /* GradSchoolZero.app */ = {isa = PBXFileReference; explicitFileType = wrapper.application; includeInIndex = 0; path = GradSchoolZero.app; sourceTree = BUILT_PRODUCTS_DIR; };
		52434CB32729D3D7003C73AC /* AppDelegate.h */ = {isa = PBXFileReference; lastKnownFileType = sourcecode.c.h; path = AppDelegate.h; sourceTree = "<group>"; };
		52434CB42729D3D7003C73AC /* AppDelegate.m */ = {isa = PBXFileReference; lastKnownFileType = sourcecode.c.objc; path = AppDelegate.m; sourceTree = "<group>"; };
		52434CB62729D3D7003C73AC /* SceneDelegate.h */ = {isa = PBXFileReference; lastKnownFileType = sourcecode.c.h; path = SceneDelegate.h; sourceTree = "<group>"; };
		52434CB72729D3D7003C73AC /* SceneDelegate.m */ = {isa = PBXFileReference; lastKnownFileType = sourcecode.c.objc; path = SceneDelegate.m; sourceTree = "<group>"; };
		52434CBD2729D3D7003C73AC /* Base */ = {isa = PBXFileReference; lastKnownFileType = file.storyboard; name = Base; path = Base.lproj/Main.storyboard; sourceTree = "<group>"; };
		52434CBF2729D3DA003C73AC /* Assets.xcassets */ = {isa = PBXFileReference; lastKnownFileType = folder.assetcatalog; path = Assets.xcassets; sourceTree = "<group>"; };
		52434CC22729D3DA003C73AC /* Base */ = {isa = PBXFileReference; lastKnownFileType = file.storyboard; name = Base; path = Base.lproj/LaunchScreen.storyboard; sourceTree = "<group>"; };
		52434CC42729D3DA003C73AC /* Info.plist */ = {isa = PBXFileReference; lastKnownFileType = text.plist.xml; path = Info.plist; sourceTree = "<group>"; };
		52434CC52729D3DA003C73AC /* main.m */ = {isa = PBXFileReference; lastKnownFileType = sourcecode.c.objc; path = main.m; sourceTree = "<group>"; };
		52434CCD2729D540003C73AC /* LoginViewController.h */ = {isa = PBXFileReference; lastKnownFileType = sourcecode.c.h; path = LoginViewController.h; sourceTree = "<group>"; };
		52434CCE2729D540003C73AC /* LoginViewController.m */ = {isa = PBXFileReference; lastKnownFileType = sourcecode.c.objc; path = LoginViewController.m; sourceTree = "<group>"; };
		524A1E98276070ED00429680 /* RegistrarStudentsViewController.h */ = {isa = PBXFileReference; lastKnownFileType = sourcecode.c.h; path = RegistrarStudentsViewController.h; sourceTree = "<group>"; };
		524A1E99276070ED00429680 /* RegistrarStudentsViewController.m */ = {isa = PBXFileReference; lastKnownFileType = sourcecode.c.objc; path = RegistrarStudentsViewController.m; sourceTree = "<group>"; };
		524A1E9B2761B80600429680 /* RegistrarInstructorsViewController.h */ = {isa = PBXFileReference; lastKnownFileType = sourcecode.c.h; path = RegistrarInstructorsViewController.h; sourceTree = "<group>"; };
		524A1E9C2761B80600429680 /* RegistrarInstructorsViewController.m */ = {isa = PBXFileReference; lastKnownFileType = sourcecode.c.objc; path = RegistrarInstructorsViewController.m; sourceTree = "<group>"; };
		524A1E9E2761BEA800429680 /* InstructorApplicationCell.h */ = {isa = PBXFileReference; lastKnownFileType = sourcecode.c.h; path = InstructorApplicationCell.h; sourceTree = "<group>"; };
		524A1E9F2761BEA800429680 /* InstructorApplicationCell.m */ = {isa = PBXFileReference; lastKnownFileType = sourcecode.c.objc; path = InstructorApplicationCell.m; sourceTree = "<group>"; };
		524A1EA12761C2F100429680 /* RegistrarApplicationsViewController.h */ = {isa = PBXFileReference; lastKnownFileType = sourcecode.c.h; path = RegistrarApplicationsViewController.h; sourceTree = "<group>"; };
		524A1EA22761C2F100429680 /* RegistrarApplicationsViewController.m */ = {isa = PBXFileReference; lastKnownFileType = sourcecode.c.objc; path = RegistrarApplicationsViewController.m; sourceTree = "<group>"; };
		524A1EA42761C32300429680 /* StudentApplicationCell.h */ = {isa = PBXFileReference; lastKnownFileType = sourcecode.c.h; path = StudentApplicationCell.h; sourceTree = "<group>"; };
		524A1EA52761C32300429680 /* StudentApplicationCell.m */ = {isa = PBXFileReference; lastKnownFileType = sourcecode.c.objc; path = StudentApplicationCell.m; sourceTree = "<group>"; };
		524A1EA72761C51300429680 /* GraduationApplicationCell.h */ = {isa = PBXFileReference; lastKnownFileType = sourcecode.c.h; path = GraduationApplicationCell.h; sourceTree = "<group>"; };
		524A1EA82761C51300429680 /* GraduationApplicationCell.m */ = {isa = PBXFileReference; lastKnownFileType = sourcecode.c.objc; path = GraduationApplicationCell.m; sourceTree = "<group>"; };
		524A1EAA2761E5DA00429680 /* RegistrarStudentProfileViewController.h */ = {isa = PBXFileReference; lastKnownFileType = sourcecode.c.h; path = RegistrarStudentProfileViewController.h; sourceTree = "<group>"; };
		524A1EAB2761E5DA00429680 /* RegistrarStudentProfileViewController.m */ = {isa = PBXFileReference; lastKnownFileType = sourcecode.c.objc; path = RegistrarStudentProfileViewController.m; sourceTree = "<group>"; };
		524A1EAD2761F8D000429680 /* ReportReviewCell.h */ = {isa = PBXFileReference; lastKnownFileType = sourcecode.c.h; path = ReportReviewCell.h; sourceTree = "<group>"; };
		524A1EAE2761F8D000429680 /* ReportReviewCell.m */ = {isa = PBXFileReference; lastKnownFileType = sourcecode.c.objc; path = ReportReviewCell.m; sourceTree = "<group>"; };
		524A1EB0276204BA00429680 /* ReportReviewViewController.h */ = {isa = PBXFileReference; lastKnownFileType = sourcecode.c.h; path = ReportReviewViewController.h; sourceTree = "<group>"; };
		524A1EB1276204BA00429680 /* ReportReviewViewController.m */ = {isa = PBXFileReference; lastKnownFileType = sourcecode.c.objc; path = ReportReviewViewController.m; sourceTree = "<group>"; };
		524A1EB3276291EC00429680 /* RegistrarActionHubViewController.h */ = {isa = PBXFileReference; lastKnownFileType = sourcecode.c.h; path = RegistrarActionHubViewController.h; sourceTree = "<group>"; };
		524A1EB4276291EC00429680 /* RegistrarActionHubViewController.m */ = {isa = PBXFileReference; lastKnownFileType = sourcecode.c.objc; path = RegistrarActionHubViewController.m; sourceTree = "<group>"; };
		525BB1A027593FF10007E0E0 /* StudentCoursesViewController.h */ = {isa = PBXFileReference; lastKnownFileType = sourcecode.c.h; path = StudentCoursesViewController.h; sourceTree = "<group>"; };
		525BB1A127593FF10007E0E0 /* StudentCoursesViewController.m */ = {isa = PBXFileReference; lastKnownFileType = sourcecode.c.objc; path = StudentCoursesViewController.m; sourceTree = "<group>"; };
		525BB1A327594EF10007E0E0 /* StudentProfileViewController.h */ = {isa = PBXFileReference; lastKnownFileType = sourcecode.c.h; path = StudentProfileViewController.h; sourceTree = "<group>"; };
		525BB1A427594EF10007E0E0 /* StudentProfileViewController.m */ = {isa = PBXFileReference; lastKnownFileType = sourcecode.c.objc; path = StudentProfileViewController.m; sourceTree = "<group>"; };
		525BB1A6275B4DC90007E0E0 /* StudentEnrolledCoursesViewController.h */ = {isa = PBXFileReference; lastKnownFileType = sourcecode.c.h; path = StudentEnrolledCoursesViewController.h; sourceTree = "<group>"; };
		525BB1A7275B4DC90007E0E0 /* StudentEnrolledCoursesViewController.m */ = {isa = PBXFileReference; lastKnownFileType = sourcecode.c.objc; path = StudentEnrolledCoursesViewController.m; sourceTree = "<group>"; };
		525BB1A9275BFC490007E0E0 /* ClassCell.h */ = {isa = PBXFileReference; lastKnownFileType = sourcecode.c.h; path = ClassCell.h; sourceTree = "<group>"; };
		525BB1AA275BFC490007E0E0 /* ClassCell.m */ = {isa = PBXFileReference; lastKnownFileType = sourcecode.c.objc; path = ClassCell.m; sourceTree = "<group>"; };
		525BB1AC275BFF070007E0E0 /* StudentPreviousClassesViewController.h */ = {isa = PBXFileReference; lastKnownFileType = sourcecode.c.h; path = StudentPreviousClassesViewController.h; sourceTree = "<group>"; };
		525BB1AD275BFF070007E0E0 /* StudentPreviousClassesViewController.m */ = {isa = PBXFileReference; lastKnownFileType = sourcecode.c.objc; path = StudentPreviousClassesViewController.m; sourceTree = "<group>"; };
		52633A82275D453A00FD29BE /* InstructorProfileViewController.h */ = {isa = PBXFileReference; lastKnownFileType = sourcecode.c.h; path = InstructorProfileViewController.h; sourceTree = "<group>"; };
		52633A83275D453A00FD29BE /* InstructorProfileViewController.m */ = {isa = PBXFileReference; lastKnownFileType = sourcecode.c.objc; path = InstructorProfileViewController.m; sourceTree = "<group>"; };
		52633A85275D4A0300FD29BE /* InstructorCoursesViewController.h */ = {isa = PBXFileReference; lastKnownFileType = sourcecode.c.h; path = InstructorCoursesViewController.h; sourceTree = "<group>"; };
		52633A86275D4A0300FD29BE /* InstructorCoursesViewController.m */ = {isa = PBXFileReference; lastKnownFileType = sourcecode.c.objc; path = InstructorCoursesViewController.m; sourceTree = "<group>"; };
		52633A88275D570100FD29BE /* InstructorCourseStudentsViewController.h */ = {isa = PBXFileReference; lastKnownFileType = sourcecode.c.h; path = InstructorCourseStudentsViewController.h; sourceTree = "<group>"; };
		52633A89275D570100FD29BE /* InstructorCourseStudentsViewController.m */ = {isa = PBXFileReference; lastKnownFileType = sourcecode.c.objc; path = InstructorCourseStudentsViewController.m; sourceTree = "<group>"; };
		5263528A275DD38500DC76C3 /* ReportViewController.h */ = {isa = PBXFileReference; lastKnownFileType = sourcecode.c.h; path = ReportViewController.h; sourceTree = "<group>"; };
		5263528B275DD38500DC76C3 /* ReportViewController.m */ = {isa = PBXFileReference; lastKnownFileType = sourcecode.c.objc; path = ReportViewController.m; sourceTree = "<group>"; };
		52AFE49C2748B7CA00573F90 /* CourseCell.h */ = {isa = PBXFileReference; lastKnownFileType = sourcecode.c.h; path = CourseCell.h; sourceTree = "<group>"; };
		52AFE49D2748B7CA00573F90 /* CourseCell.m */ = {isa = PBXFileReference; lastKnownFileType = sourcecode.c.objc; path = CourseCell.m; sourceTree = "<group>"; };
		52AFE49E2748B7CA00573F90 /* CourseCell.xib */ = {isa = PBXFileReference; lastKnownFileType = file.xib; path = CourseCell.xib; sourceTree = "<group>"; };
		52E15C062755E711008B9D5A /* APIManager.h */ = {isa = PBXFileReference; lastKnownFileType = sourcecode.c.h; path = APIManager.h; sourceTree = "<group>"; };
		52E15C072755E711008B9D5A /* APIManager.m */ = {isa = PBXFileReference; lastKnownFileType = sourcecode.c.objc; path = APIManager.m; sourceTree = "<group>"; };
		52E1F7052749D5FE0058AE44 /* Student.h */ = {isa = PBXFileReference; lastKnownFileType = sourcecode.c.h; path = Student.h; sourceTree = "<group>"; };
		52E1F7062749D5FE0058AE44 /* Student.m */ = {isa = PBXFileReference; lastKnownFileType = sourcecode.c.objc; path = Student.m; sourceTree = "<group>"; };
		52E1F7092749D8FA0058AE44 /* Instructor.h */ = {isa = PBXFileReference; lastKnownFileType = sourcecode.c.h; path = Instructor.h; sourceTree = "<group>"; };
		52E1F70A2749D8FA0058AE44 /* Instructor.m */ = {isa = PBXFileReference; lastKnownFileType = sourcecode.c.objc; path = Instructor.m; sourceTree = "<group>"; };
		52E817532748D3360091BBC2 /* VisitorCoursesViewController.h */ = {isa = PBXFileReference; lastKnownFileType = sourcecode.c.h; path = VisitorCoursesViewController.h; sourceTree = "<group>"; };
		52E817542748D3360091BBC2 /* VisitorCoursesViewController.m */ = {isa = PBXFileReference; lastKnownFileType = sourcecode.c.objc; path = VisitorCoursesViewController.m; sourceTree = "<group>"; };
		52E817562749BA380091BBC2 /* User.h */ = {isa = PBXFileReference; lastKnownFileType = sourcecode.c.h; path = User.h; sourceTree = "<group>"; };
		52E817572749BA380091BBC2 /* User.m */ = {isa = PBXFileReference; lastKnownFileType = sourcecode.c.objc; path = User.m; sourceTree = "<group>"; };
		52E8175C2749C10A0091BBC2 /* StudentCell.h */ = {isa = PBXFileReference; lastKnownFileType = sourcecode.c.h; path = StudentCell.h; sourceTree = "<group>"; };
		52E8175D2749C10A0091BBC2 /* StudentCell.m */ = {isa = PBXFileReference; lastKnownFileType = sourcecode.c.objc; path = StudentCell.m; sourceTree = "<group>"; };
		52E8175E2749C10A0091BBC2 /* StudentCell.xib */ = {isa = PBXFileReference; lastKnownFileType = file.xib; path = StudentCell.xib; sourceTree = "<group>"; };
		52E817612749C5330091BBC2 /* VisitorStudentsViewController.h */ = {isa = PBXFileReference; lastKnownFileType = sourcecode.c.h; path = VisitorStudentsViewController.h; sourceTree = "<group>"; };
		52E817622749C5330091BBC2 /* VisitorStudentsViewController.m */ = {isa = PBXFileReference; lastKnownFileType = sourcecode.c.objc; path = VisitorStudentsViewController.m; sourceTree = "<group>"; };
		52F2C0222757181F00072AED /* ApplyAsStudentViewController.h */ = {isa = PBXFileReference; lastKnownFileType = sourcecode.c.h; path = ApplyAsStudentViewController.h; sourceTree = "<group>"; };
		52F2C0232757182000072AED /* ApplyAsStudentViewController.m */ = {isa = PBXFileReference; lastKnownFileType = sourcecode.c.objc; path = ApplyAsStudentViewController.m; sourceTree = "<group>"; };
		52F2C0252757185900072AED /* ApplyAsInstructorViewController.h */ = {isa = PBXFileReference; lastKnownFileType = sourcecode.c.h; path = ApplyAsInstructorViewController.h; sourceTree = "<group>"; };
		52F2C0262757185900072AED /* ApplyAsInstructorViewController.m */ = {isa = PBXFileReference; lastKnownFileType = sourcecode.c.objc; path = ApplyAsInstructorViewController.m; sourceTree = "<group>"; };
/* End PBXFileReference section */

/* Begin PBXFrameworksBuildPhase section */
		52434CAD2729D3D7003C73AC /* Frameworks */ = {
			isa = PBXFrameworksBuildPhase;
			buildActionMask = 2147483647;
			files = (
			);
			runOnlyForDeploymentPostprocessing = 0;
		};
/* End PBXFrameworksBuildPhase section */

/* Begin PBXGroup section */
		52434CA72729D3D7003C73AC = {
			isa = PBXGroup;
			children = (
				52434CB22729D3D7003C73AC /* GradSchoolZero */,
				52434CB12729D3D7003C73AC /* Products */,
			);
			sourceTree = "<group>";
		};
		52434CB12729D3D7003C73AC /* Products */ = {
			isa = PBXGroup;
			children = (
				52434CB02729D3D7003C73AC /* GradSchoolZero.app */,
			);
			name = Products;
			sourceTree = "<group>";
		};
		52434CB22729D3D7003C73AC /* GradSchoolZero */ = {
			isa = PBXGroup;
			children = (
				524A1E972760709100429680 /* RegistrarViewControllers */,
				52633A81275D451400FD29BE /* InstructorViewControllers */,
				525BB19F27593FB60007E0E0 /* StudentViewControllers */,
				52434CCC2729D44D003C73AC /* StartupFiles */,
				52434CBF2729D3DA003C73AC /* Assets.xcassets */,
				52434CBC2729D3D7003C73AC /* Main.storyboard */,
				52434CC42729D3DA003C73AC /* Info.plist */,
				52434CCD2729D540003C73AC /* LoginViewController.h */,
				52434CCE2729D540003C73AC /* LoginViewController.m */,
				52AFE4A12748B7DD00573F90 /* Table View Cells */,
				52E817642749C5520091BBC2 /* VisitorViewControllers */,
				52E1F7082749D8E10058AE44 /* Models */,
				52E15C062755E711008B9D5A /* APIManager.h */,
				52E15C072755E711008B9D5A /* APIManager.m */,
				5263528A275DD38500DC76C3 /* ReportViewController.h */,
				5263528B275DD38500DC76C3 /* ReportViewController.m */,
				52432C7A2762BE2B0086EE2D /* TabbarViewController.h */,
				52432C7B2762BE2B0086EE2D /* TabbarViewController.m */,
			);
			path = GradSchoolZero;
			sourceTree = "<group>";
		};
		52434CCC2729D44D003C73AC /* StartupFiles */ = {
			isa = PBXGroup;
			children = (
				52434CB32729D3D7003C73AC /* AppDelegate.h */,
				52434CB42729D3D7003C73AC /* AppDelegate.m */,
				52434CB62729D3D7003C73AC /* SceneDelegate.h */,
				52434CB72729D3D7003C73AC /* SceneDelegate.m */,
				52434CC52729D3DA003C73AC /* main.m */,
				52434CC12729D3DA003C73AC /* LaunchScreen.storyboard */,
			);
			path = StartupFiles;
			sourceTree = "<group>";
		};
		524A1E972760709100429680 /* RegistrarViewControllers */ = {
			isa = PBXGroup;
			children = (
				524A1E98276070ED00429680 /* RegistrarStudentsViewController.h */,
				524A1E99276070ED00429680 /* RegistrarStudentsViewController.m */,
				524A1E9B2761B80600429680 /* RegistrarInstructorsViewController.h */,
				524A1E9C2761B80600429680 /* RegistrarInstructorsViewController.m */,
				524A1EA12761C2F100429680 /* RegistrarApplicationsViewController.h */,
				524A1EA22761C2F100429680 /* RegistrarApplicationsViewController.m */,
				524A1EAA2761E5DA00429680 /* RegistrarStudentProfileViewController.h */,
				524A1EAB2761E5DA00429680 /* RegistrarStudentProfileViewController.m */,
				524A1EB0276204BA00429680 /* ReportReviewViewController.h */,
				524A1EB1276204BA00429680 /* ReportReviewViewController.m */,
				524A1EB3276291EC00429680 /* RegistrarActionHubViewController.h */,
				524A1EB4276291EC00429680 /* RegistrarActionHubViewController.m */,
				52432C7727629B450086EE2D /* CreateCourseViewController.h */,
				52432C7827629B450086EE2D /* CreateCourseViewController.m */,
			);
			path = RegistrarViewControllers;
			sourceTree = "<group>";
		};
		525BB19F27593FB60007E0E0 /* StudentViewControllers */ = {
			isa = PBXGroup;
			children = (
				525BB1A027593FF10007E0E0 /* StudentCoursesViewController.h */,
				525BB1A127593FF10007E0E0 /* StudentCoursesViewController.m */,
				525BB1A327594EF10007E0E0 /* StudentProfileViewController.h */,
				525BB1A427594EF10007E0E0 /* StudentProfileViewController.m */,
				525BB1A6275B4DC90007E0E0 /* StudentEnrolledCoursesViewController.h */,
				525BB1A7275B4DC90007E0E0 /* StudentEnrolledCoursesViewController.m */,
				525BB1AC275BFF070007E0E0 /* StudentPreviousClassesViewController.h */,
				525BB1AD275BFF070007E0E0 /* StudentPreviousClassesViewController.m */,
			);
			path = StudentViewControllers;
			sourceTree = "<group>";
		};
		52633A81275D451400FD29BE /* InstructorViewControllers */ = {
			isa = PBXGroup;
			children = (
				52633A82275D453A00FD29BE /* InstructorProfileViewController.h */,
				52633A83275D453A00FD29BE /* InstructorProfileViewController.m */,
				52633A85275D4A0300FD29BE /* InstructorCoursesViewController.h */,
				52633A86275D4A0300FD29BE /* InstructorCoursesViewController.m */,
				52633A88275D570100FD29BE /* InstructorCourseStudentsViewController.h */,
				52633A89275D570100FD29BE /* InstructorCourseStudentsViewController.m */,
				5202CA01275DCB2A0028745D /* InstructorWaitlistViewController.h */,
				5202CA02275DCB2A0028745D /* InstructorWaitlistViewController.m */,
			);
			path = InstructorViewControllers;
			sourceTree = "<group>";
		};
		52AFE4A12748B7DD00573F90 /* Table View Cells */ = {
			isa = PBXGroup;
			children = (
				52AFE49C2748B7CA00573F90 /* CourseCell.h */,
				52AFE49D2748B7CA00573F90 /* CourseCell.m */,
				52AFE49E2748B7CA00573F90 /* CourseCell.xib */,
				52E8175C2749C10A0091BBC2 /* StudentCell.h */,
				52E8175D2749C10A0091BBC2 /* StudentCell.m */,
				52E8175E2749C10A0091BBC2 /* StudentCell.xib */,
				525BB1A9275BFC490007E0E0 /* ClassCell.h */,
				525BB1AA275BFC490007E0E0 /* ClassCell.m */,
				070AF434275C71B7007C0B9D /* InstructorCell.h */,
				070AF435275C71B7007C0B9D /* InstructorCell.m */,
				070AF436275C71B7007C0B9D /* InstructorCell.xib */,
				5202C9FE275DC7F20028745D /* WaitlistedStudentCell.h */,
				5202C9FF275DC7F20028745D /* WaitlistedStudentCell.m */,
				524A1E9E2761BEA800429680 /* InstructorApplicationCell.h */,
				524A1E9F2761BEA800429680 /* InstructorApplicationCell.m */,
				524A1EA42761C32300429680 /* StudentApplicationCell.h */,
				524A1EA52761C32300429680 /* StudentApplicationCell.m */,
				524A1EA72761C51300429680 /* GraduationApplicationCell.h */,
				524A1EA82761C51300429680 /* GraduationApplicationCell.m */,
				524A1EAD2761F8D000429680 /* ReportReviewCell.h */,
				524A1EAE2761F8D000429680 /* ReportReviewCell.m */,
			);
			path = "Table View Cells";
			sourceTree = "<group>";
		};
		52E1F7082749D8E10058AE44 /* Models */ = {
			isa = PBXGroup;
			children = (
				52E817562749BA380091BBC2 /* User.h */,
				52E817572749BA380091BBC2 /* User.m */,
				52E1F7052749D5FE0058AE44 /* Student.h */,
				52E1F7062749D5FE0058AE44 /* Student.m */,
				52E1F7092749D8FA0058AE44 /* Instructor.h */,
				52E1F70A2749D8FA0058AE44 /* Instructor.m */,
				5229105527583DFF00D97CC4 /* Course.h */,
				5229105627583DFF00D97CC4 /* Course.m */,
			);
			path = Models;
			sourceTree = "<group>";
		};
		52E817642749C5520091BBC2 /* VisitorViewControllers */ = {
			isa = PBXGroup;
			children = (
				52E817532748D3360091BBC2 /* VisitorCoursesViewController.h */,
				52E817542748D3360091BBC2 /* VisitorCoursesViewController.m */,
				52E817612749C5330091BBC2 /* VisitorStudentsViewController.h */,
				52E817622749C5330091BBC2 /* VisitorStudentsViewController.m */,
				52F2C0222757181F00072AED /* ApplyAsStudentViewController.h */,
				52F2C0232757182000072AED /* ApplyAsStudentViewController.m */,
				52F2C0252757185900072AED /* ApplyAsInstructorViewController.h */,
				52F2C0262757185900072AED /* ApplyAsInstructorViewController.m */,
			);
			path = VisitorViewControllers;
			sourceTree = "<group>";
		};
/* End PBXGroup section */

/* Begin PBXNativeTarget section */
		52434CAF2729D3D7003C73AC /* GradSchoolZero */ = {
			isa = PBXNativeTarget;
			buildConfigurationList = 52434CC92729D3DA003C73AC /* Build configuration list for PBXNativeTarget "GradSchoolZero" */;
			buildPhases = (
				52434CAC2729D3D7003C73AC /* Sources */,
				52434CAD2729D3D7003C73AC /* Frameworks */,
				52434CAE2729D3D7003C73AC /* Resources */,
			);
			buildRules = (
			);
			dependencies = (
			);
			name = GradSchoolZero;
			productName = GradSchoolZero;
			productReference = 52434CB02729D3D7003C73AC /* GradSchoolZero.app */;
			productType = "com.apple.product-type.application";
		};
/* End PBXNativeTarget section */

/* Begin PBXProject section */
		52434CA82729D3D7003C73AC /* Project object */ = {
			isa = PBXProject;
			attributes = {
				BuildIndependentTargetsInParallel = 1;
				LastUpgradeCheck = 1300;
				TargetAttributes = {
					52434CAF2729D3D7003C73AC = {
						CreatedOnToolsVersion = 13.0;
					};
				};
			};
			buildConfigurationList = 52434CAB2729D3D7003C73AC /* Build configuration list for PBXProject "GradSchoolZero" */;
			compatibilityVersion = "Xcode 13.0";
			developmentRegion = en;
			hasScannedForEncodings = 0;
			knownRegions = (
				en,
				Base,
			);
			mainGroup = 52434CA72729D3D7003C73AC;
			productRefGroup = 52434CB12729D3D7003C73AC /* Products */;
			projectDirPath = "";
			projectRoot = "";
			targets = (
				52434CAF2729D3D7003C73AC /* GradSchoolZero */,
			);
		};
/* End PBXProject section */

/* Begin PBXResourcesBuildPhase section */
		52434CAE2729D3D7003C73AC /* Resources */ = {
			isa = PBXResourcesBuildPhase;
			buildActionMask = 2147483647;
			files = (
				52AFE4A02748B7CA00573F90 /* CourseCell.xib in Resources */,
				52434CC32729D3DA003C73AC /* LaunchScreen.storyboard in Resources */,
				070AF438275C71B7007C0B9D /* InstructorCell.xib in Resources */,
				52434CC02729D3DA003C73AC /* Assets.xcassets in Resources */,
				52434CBE2729D3D7003C73AC /* Main.storyboard in Resources */,
				52E817602749C10A0091BBC2 /* StudentCell.xib in Resources */,
			);
			runOnlyForDeploymentPostprocessing = 0;
		};
/* End PBXResourcesBuildPhase section */

/* Begin PBXSourcesBuildPhase section */
		52434CAC2729D3D7003C73AC /* Sources */ = {
			isa = PBXSourcesBuildPhase;
			buildActionMask = 2147483647;
			files = (
				52434CCF2729D540003C73AC /* LoginViewController.m in Sources */,
				52432C7927629B450086EE2D /* CreateCourseViewController.m in Sources */,
				52E817582749BA380091BBC2 /* User.m in Sources */,
				5202CA03275DCB2A0028745D /* InstructorWaitlistViewController.m in Sources */,
				52633A8A275D570100FD29BE /* InstructorCourseStudentsViewController.m in Sources */,
				525BB1A8275B4DC90007E0E0 /* StudentEnrolledCoursesViewController.m in Sources */,
				52AFE49F2748B7CA00573F90 /* CourseCell.m in Sources */,
				524A1EAF2761F8D000429680 /* ReportReviewCell.m in Sources */,
				525BB1A227593FF10007E0E0 /* StudentCoursesViewController.m in Sources */,
				52E1F70B2749D8FA0058AE44 /* Instructor.m in Sources */,
				5229105727583DFF00D97CC4 /* Course.m in Sources */,
				52633A84275D453A00FD29BE /* InstructorProfileViewController.m in Sources */,
				524A1E9D2761B80600429680 /* RegistrarInstructorsViewController.m in Sources */,
				52E817632749C5330091BBC2 /* VisitorStudentsViewController.m in Sources */,
				52434CB52729D3D7003C73AC /* AppDelegate.m in Sources */,
				5202CA00275DC7F20028745D /* WaitlistedStudentCell.m in Sources */,
				524A1EA62761C32300429680 /* StudentApplicationCell.m in Sources */,
				52432C7C2762BE2B0086EE2D /* TabbarViewController.m in Sources */,
				52434CC62729D3DA003C73AC /* main.m in Sources */,
				524A1EA92761C51300429680 /* GraduationApplicationCell.m in Sources */,
				524A1EA02761BEA800429680 /* InstructorApplicationCell.m in Sources */,
				525BB1AE275BFF070007E0E0 /* StudentPreviousClassesViewController.m in Sources */,
				524A1EB2276204BA00429680 /* ReportReviewViewController.m in Sources */,
				52E817552748D3360091BBC2 /* VisitorCoursesViewController.m in Sources */,
				52F2C0242757182000072AED /* ApplyAsStudentViewController.m in Sources */,
				525BB1AB275BFC490007E0E0 /* ClassCell.m in Sources */,
				524A1EA32761C2F100429680 /* RegistrarApplicationsViewController.m in Sources */,
				52E15C082755E711008B9D5A /* APIManager.m in Sources */,
				525BB1A527594EF10007E0E0 /* StudentProfileViewController.m in Sources */,
				52F2C0272757185900072AED /* ApplyAsInstructorViewController.m in Sources */,
				524A1EAC2761E5DA00429680 /* RegistrarStudentProfileViewController.m in Sources */,
				52633A87275D4A0300FD29BE /* InstructorCoursesViewController.m in Sources */,
				524A1EB5276291ED00429680 /* RegistrarActionHubViewController.m in Sources */,
				52E1F7072749D5FE0058AE44 /* Student.m in Sources */,
				5263528C275DD38500DC76C3 /* ReportViewController.m in Sources */,
				524A1E9A276070ED00429680 /* RegistrarStudentsViewController.m in Sources */,
				52434CB82729D3D7003C73AC /* SceneDelegate.m in Sources */,
				070AF437275C71B7007C0B9D /* InstructorCell.m in Sources */,
				52E8175F2749C10A0091BBC2 /* StudentCell.m in Sources */,
			);
			runOnlyForDeploymentPostprocessing = 0;
		};
/* End PBXSourcesBuildPhase section */

/* Begin PBXVariantGroup section */
		52434CBC2729D3D7003C73AC /* Main.storyboard */ = {
			isa = PBXVariantGroup;
			children = (
				52434CBD2729D3D7003C73AC /* Base */,
			);
			name = Main.storyboard;
			sourceTree = "<group>";
		};
		52434CC12729D3DA003C73AC /* LaunchScreen.storyboard */ = {
			isa = PBXVariantGroup;
			children = (
				52434CC22729D3DA003C73AC /* Base */,
			);
			name = LaunchScreen.storyboard;
			sourceTree = "<group>";
		};
/* End PBXVariantGroup section */

/* Begin XCBuildConfiguration section */
		52434CC72729D3DA003C73AC /* Debug */ = {
			isa = XCBuildConfiguration;
			buildSettings = {
				ALWAYS_SEARCH_USER_PATHS = NO;
				CLANG_ANALYZER_NONNULL = YES;
				CLANG_ANALYZER_NUMBER_OBJECT_CONVERSION = YES_AGGRESSIVE;
				CLANG_CXX_LANGUAGE_STANDARD = "gnu++17";
				CLANG_CXX_LIBRARY = "libc++";
				CLANG_ENABLE_MODULES = YES;
				CLANG_ENABLE_OBJC_ARC = YES;
				CLANG_ENABLE_OBJC_WEAK = YES;
				CLANG_WARN_BLOCK_CAPTURE_AUTORELEASING = YES;
				CLANG_WARN_BOOL_CONVERSION = YES;
				CLANG_WARN_COMMA = YES;
				CLANG_WARN_CONSTANT_CONVERSION = YES;
				CLANG_WARN_DEPRECATED_OBJC_IMPLEMENTATIONS = YES;
				CLANG_WARN_DIRECT_OBJC_ISA_USAGE = YES_ERROR;
				CLANG_WARN_DOCUMENTATION_COMMENTS = YES;
				CLANG_WARN_EMPTY_BODY = YES;
				CLANG_WARN_ENUM_CONVERSION = YES;
				CLANG_WARN_INFINITE_RECURSION = YES;
				CLANG_WARN_INT_CONVERSION = YES;
				CLANG_WARN_NON_LITERAL_NULL_CONVERSION = YES;
				CLANG_WARN_OBJC_IMPLICIT_RETAIN_SELF = YES;
				CLANG_WARN_OBJC_LITERAL_CONVERSION = YES;
				CLANG_WARN_OBJC_ROOT_CLASS = YES_ERROR;
				CLANG_WARN_QUOTED_INCLUDE_IN_FRAMEWORK_HEADER = YES;
				CLANG_WARN_RANGE_LOOP_ANALYSIS = YES;
				CLANG_WARN_STRICT_PROTOTYPES = YES;
				CLANG_WARN_SUSPICIOUS_MOVE = YES;
				CLANG_WARN_UNGUARDED_AVAILABILITY = YES_AGGRESSIVE;
				CLANG_WARN_UNREACHABLE_CODE = YES;
				CLANG_WARN__DUPLICATE_METHOD_MATCH = YES;
				COPY_PHASE_STRIP = NO;
				DEBUG_INFORMATION_FORMAT = dwarf;
				ENABLE_STRICT_OBJC_MSGSEND = YES;
				ENABLE_TESTABILITY = YES;
				GCC_C_LANGUAGE_STANDARD = gnu11;
				GCC_DYNAMIC_NO_PIC = NO;
				GCC_NO_COMMON_BLOCKS = YES;
				GCC_OPTIMIZATION_LEVEL = 0;
				GCC_PREPROCESSOR_DEFINITIONS = (
					"DEBUG=1",
					"$(inherited)",
				);
				GCC_WARN_64_TO_32_BIT_CONVERSION = YES;
				GCC_WARN_ABOUT_RETURN_TYPE = YES_ERROR;
				GCC_WARN_UNDECLARED_SELECTOR = YES;
				GCC_WARN_UNINITIALIZED_AUTOS = YES_AGGRESSIVE;
				GCC_WARN_UNUSED_FUNCTION = YES;
				GCC_WARN_UNUSED_VARIABLE = YES;
				IPHONEOS_DEPLOYMENT_TARGET = 15.0;
				MTL_ENABLE_DEBUG_INFO = INCLUDE_SOURCE;
				MTL_FAST_MATH = YES;
				ONLY_ACTIVE_ARCH = YES;
				SDKROOT = iphoneos;
			};
			name = Debug;
		};
		52434CC82729D3DA003C73AC /* Release */ = {
			isa = XCBuildConfiguration;
			buildSettings = {
				ALWAYS_SEARCH_USER_PATHS = NO;
				CLANG_ANALYZER_NONNULL = YES;
				CLANG_ANALYZER_NUMBER_OBJECT_CONVERSION = YES_AGGRESSIVE;
				CLANG_CXX_LANGUAGE_STANDARD = "gnu++17";
				CLANG_CXX_LIBRARY = "libc++";
				CLANG_ENABLE_MODULES = YES;
				CLANG_ENABLE_OBJC_ARC = YES;
				CLANG_ENABLE_OBJC_WEAK = YES;
				CLANG_WARN_BLOCK_CAPTURE_AUTORELEASING = YES;
				CLANG_WARN_BOOL_CONVERSION = YES;
				CLANG_WARN_COMMA = YES;
				CLANG_WARN_CONSTANT_CONVERSION = YES;
				CLANG_WARN_DEPRECATED_OBJC_IMPLEMENTATIONS = YES;
				CLANG_WARN_DIRECT_OBJC_ISA_USAGE = YES_ERROR;
				CLANG_WARN_DOCUMENTATION_COMMENTS = YES;
				CLANG_WARN_EMPTY_BODY = YES;
				CLANG_WARN_ENUM_CONVERSION = YES;
				CLANG_WARN_INFINITE_RECURSION = YES;
				CLANG_WARN_INT_CONVERSION = YES;
				CLANG_WARN_NON_LITERAL_NULL_CONVERSION = YES;
				CLANG_WARN_OBJC_IMPLICIT_RETAIN_SELF = YES;
				CLANG_WARN_OBJC_LITERAL_CONVERSION = YES;
				CLANG_WARN_OBJC_ROOT_CLASS = YES_ERROR;
				CLANG_WARN_QUOTED_INCLUDE_IN_FRAMEWORK_HEADER = YES;
				CLANG_WARN_RANGE_LOOP_ANALYSIS = YES;
				CLANG_WARN_STRICT_PROTOTYPES = YES;
				CLANG_WARN_SUSPICIOUS_MOVE = YES;
				CLANG_WARN_UNGUARDED_AVAILABILITY = YES_AGGRESSIVE;
				CLANG_WARN_UNREACHABLE_CODE = YES;
				CLANG_WARN__DUPLICATE_METHOD_MATCH = YES;
				COPY_PHASE_STRIP = NO;
				DEBUG_INFORMATION_FORMAT = "dwarf-with-dsym";
				ENABLE_NS_ASSERTIONS = NO;
				ENABLE_STRICT_OBJC_MSGSEND = YES;
				GCC_C_LANGUAGE_STANDARD = gnu11;
				GCC_NO_COMMON_BLOCKS = YES;
				GCC_WARN_64_TO_32_BIT_CONVERSION = YES;
				GCC_WARN_ABOUT_RETURN_TYPE = YES_ERROR;
				GCC_WARN_UNDECLARED_SELECTOR = YES;
				GCC_WARN_UNINITIALIZED_AUTOS = YES_AGGRESSIVE;
				GCC_WARN_UNUSED_FUNCTION = YES;
				GCC_WARN_UNUSED_VARIABLE = YES;
				IPHONEOS_DEPLOYMENT_TARGET = 15.0;
				MTL_ENABLE_DEBUG_INFO = NO;
				MTL_FAST_MATH = YES;
				SDKROOT = iphoneos;
				VALIDATE_PRODUCT = YES;
			};
			name = Release;
		};
		52434CCA2729D3DA003C73AC /* Debug */ = {
			isa = XCBuildConfiguration;
			buildSettings = {
				ASSETCATALOG_COMPILER_APPICON_NAME = AppIcon;
				ASSETCATALOG_COMPILER_GLOBAL_ACCENT_COLOR_NAME = AccentColor;
				CODE_SIGN_STYLE = Automatic;
				CURRENT_PROJECT_VERSION = 1;
				GENERATE_INFOPLIST_FILE = YES;
				INFOPLIST_FILE = GradSchoolZero/Info.plist;
				INFOPLIST_KEY_UIApplicationSupportsIndirectInputEvents = YES;
				INFOPLIST_KEY_UILaunchStoryboardName = LaunchScreen;
				INFOPLIST_KEY_UIMainStoryboardFile = Main;
				INFOPLIST_KEY_UISupportedInterfaceOrientations_iPad = "UIInterfaceOrientationPortrait UIInterfaceOrientationPortraitUpsideDown UIInterfaceOrientationLandscapeLeft UIInterfaceOrientationLandscapeRight";
				INFOPLIST_KEY_UISupportedInterfaceOrientations_iPhone = "UIInterfaceOrientationPortrait UIInterfaceOrientationLandscapeLeft UIInterfaceOrientationLandscapeRight";
				LD_RUNPATH_SEARCH_PATHS = (
					"$(inherited)",
					"@executable_path/Frameworks",
				);
				MARKETING_VERSION = 1.0;
				PRODUCT_BUNDLE_IDENTIFIER = John.GradSchoolZero;
				PRODUCT_NAME = "$(TARGET_NAME)";
				SWIFT_EMIT_LOC_STRINGS = YES;
				TARGETED_DEVICE_FAMILY = "1,2";
			};
			name = Debug;
		};
		52434CCB2729D3DA003C73AC /* Release */ = {
			isa = XCBuildConfiguration;
			buildSettings = {
				ASSETCATALOG_COMPILER_APPICON_NAME = AppIcon;
				ASSETCATALOG_COMPILER_GLOBAL_ACCENT_COLOR_NAME = AccentColor;
				CODE_SIGN_STYLE = Automatic;
				CURRENT_PROJECT_VERSION = 1;
				GENERATE_INFOPLIST_FILE = YES;
				INFOPLIST_FILE = GradSchoolZero/Info.plist;
				INFOPLIST_KEY_UIApplicationSupportsIndirectInputEvents = YES;
				INFOPLIST_KEY_UILaunchStoryboardName = LaunchScreen;
				INFOPLIST_KEY_UIMainStoryboardFile = Main;
				INFOPLIST_KEY_UISupportedInterfaceOrientations_iPad = "UIInterfaceOrientationPortrait UIInterfaceOrientationPortraitUpsideDown UIInterfaceOrientationLandscapeLeft UIInterfaceOrientationLandscapeRight";
				INFOPLIST_KEY_UISupportedInterfaceOrientations_iPhone = "UIInterfaceOrientationPortrait UIInterfaceOrientationLandscapeLeft UIInterfaceOrientationLandscapeRight";
				LD_RUNPATH_SEARCH_PATHS = (
					"$(inherited)",
					"@executable_path/Frameworks",
				);
				MARKETING_VERSION = 1.0;
				PRODUCT_BUNDLE_IDENTIFIER = John.GradSchoolZero;
				PRODUCT_NAME = "$(TARGET_NAME)";
				SWIFT_EMIT_LOC_STRINGS = YES;
				TARGETED_DEVICE_FAMILY = "1,2";
			};
			name = Release;
		};
/* End XCBuildConfiguration section */

/* Begin XCConfigurationList section */
		52434CAB2729D3D7003C73AC /* Build configuration list for PBXProject "GradSchoolZero" */ = {
			isa = XCConfigurationList;
			buildConfigurations = (
				52434CC72729D3DA003C73AC /* Debug */,
				52434CC82729D3DA003C73AC /* Release */,
			);
			defaultConfigurationIsVisible = 0;
			defaultConfigurationName = Release;
		};
		52434CC92729D3DA003C73AC /* Build configuration list for PBXNativeTarget "GradSchoolZero" */ = {
			isa = XCConfigurationList;
			buildConfigurations = (
				52434CCA2729D3DA003C73AC /* Debug */,
				52434CCB2729D3DA003C73AC /* Release */,
			);
			defaultConfigurationIsVisible = 0;
			defaultConfigurationName = Release;
		};
/* End XCConfigurationList section */
	};
	rootObject = 52434CA82729D3D7003C73AC /* Project object */;
}
